
Microsoft Visual Studio Solution File, Format Version 12.00
# Visual Studio Version 16
VisualStudioVersion = 16.0.34407.143
MinimumVisualStudioVersion = 10.0.40219.1
Project("{8BC9CEB8-8B4A-11D0-8D11-00A0C91BC942}") = "comPCside", "comPCside\comPCside.vcxproj", "{EEECC9F7-FA0E-4F19-AD79-663E70BD4783}"
EndProject
Global
	GlobalSection(SolutionConfigurationPlatforms) = preSolution
		Debug|x64 = Debug|x64
		Debug|x86 = Debug|x86
		Release|x64 = Release|x64
		Release|x86 = Release|x86
	EndGlobalSection
	GlobalSection(ProjectConfigurationPlatforms) = postSolution
		{EEECC9F7-FA0E-4F19-AD79-663E70BD4783}.Debug|x64.ActiveCfg = Debug|x64
		{EEECC9F7-FA0E-4F19-AD79-663E70BD4783}.Debug|x64.Build.0 = Debug|x64
		{EEECC9F7-FA0E-4F19-AD79-663E70BD4783}.Debug|x86.ActiveCfg = Debug|Win32
		{EEECC9F7-FA0E-4F19-AD79-663E70BD4783}.Debug|x86.Build.0 = Debug|Win32
		{EEECC9F7-FA0E-4F19-AD79-663E70BD4783}.Release|x64.ActiveCfg = Release|x64
		{EEECC9F7-FA0E-4F19-AD79-663E70BD4783}.Release|x64.Build.0 = Release|x64
		{EEECC9F7-FA0E-4F19-AD79-663E70BD4783}.Release|x86.ActiveCfg = Release|Win32
		{EEECC9F7-FA0E-4F19-AD79-663E70BD4783}.Release|x86.Build.0 = Release|Win32
	EndGlobalSection
	GlobalSection(SolutionProperties) = preSolution
		HideSolutionNode = FALSE
	EndGlobalSection
	GlobalSection(ExtensibilityGlobals) = postSolution
		SolutionGuid = {F8200B23-4886-4A6B-80CC-572BC886A442}
	EndGlobalSection
EndGlobal
